
Microsoft Visual Studio Solution File, Format Version 12.00
# Visual Studio 15
Project("{FAE04EC0-301F-11D3-BF4B-00C04F79EFBC}") = "UnityEngine.UI", "UnityEngine.UI.csproj", "{AA899E3F-E16F-50E2-DA1E-BB61F67C204E}"
EndProject
Project("{FAE04EC0-301F-11D3-BF4B-00C04F79EFBC}") = "Assembly-CSharp", "Assembly-CSharp.csproj", "{C1D866E4-D809-924F-63BC-B5857A651B28}"
EndProject
Project("{FAE04EC0-301F-11D3-BF4B-00C04F79EFBC}") = "Unity.2D.Sprite.Editor", "Unity.2D.Sprite.Editor.csproj", "{CA42E408-0D5E-09E1-1E53-6F65D76E799C}"
EndProject
Project("{FAE04EC0-301F-11D3-BF4B-00C04F79EFBC}") = "UnityEditor.UI", "UnityEditor.UI.csproj", "{A5EB72B3-7D91-CF81-E9CE-8638945C5822}"
EndProject
Project("{FAE04EC0-301F-11D3-BF4B-00C04F79EFBC}") = "Unity.2D.Tilemap.Editor", "Unity.2D.Tilemap.Editor.csproj", "{522194A9-0959-9B27-AACD-DC72B39D9F38}"
EndProject
Global
	GlobalSection(SolutionConfigurationPlatforms) = preSolution
		Debug|Any CPU = Debug|Any CPU
		Release|Any CPU = Release|Any CPU
	EndGlobalSection
	GlobalSection(ProjectConfigurationPlatforms) = postSolution
		{AA899E3F-E16F-50E2-DA1E-BB61F67C204E}.Debug|Any CPU.ActiveCfg = Debug|Any CPU
		{AA899E3F-E16F-50E2-DA1E-BB61F67C204E}.Debug|Any CPU.Build.0 = Debug|Any CPU
		{AA899E3F-E16F-50E2-DA1E-BB61F67C204E}.Release|Any CPU.ActiveCfg = Release|Any CPU
		{AA899E3F-E16F-50E2-DA1E-BB61F67C204E}.Release|Any CPU.Build.0 = Release|Any CPU
		{C1D866E4-D809-924F-63BC-B5857A651B28}.Debug|Any CPU.ActiveCfg = Debug|Any CPU
		{C1D866E4-D809-924F-63BC-B5857A651B28}.Debug|Any CPU.Build.0 = Debug|Any CPU
		{C1D866E4-D809-924F-63BC-B5857A651B28}.Release|Any CPU.ActiveCfg = Release|Any CPU
		{C1D866E4-D809-924F-63BC-B5857A651B28}.Release|Any CPU.Build.0 = Release|Any CPU
		{CA42E408-0D5E-09E1-1E53-6F65D76E799C}.Debug|Any CPU.ActiveCfg = Debug|Any CPU
		{CA42E408-0D5E-09E1-1E53-6F65D76E799C}.Debug|Any CPU.Build.0 = Debug|Any CPU
		{CA42E408-0D5E-09E1-1E53-6F65D76E799C}.Release|Any CPU.ActiveCfg = Release|Any CPU
		{CA42E408-0D5E-09E1-1E53-6F65D76E799C}.Release|Any CPU.Build.0 = Release|Any CPU
		{A5EB72B3-7D91-CF81-E9CE-8638945C5822}.Debug|Any CPU.ActiveCfg = Debug|Any CPU
		{A5EB72B3-7D91-CF81-E9CE-8638945C5822}.Debug|Any CPU.Build.0 = Debug|Any CPU
		{A5EB72B3-7D91-CF81-E9CE-8638945C5822}.Release|Any CPU.ActiveCfg = Release|Any CPU
		{A5EB72B3-7D91-CF81-E9CE-8638945C5822}.Release|Any CPU.Build.0 = Release|Any CPU
		{522194A9-0959-9B27-AACD-DC72B39D9F38}.Debug|Any CPU.ActiveCfg = Debug|Any CPU
		{522194A9-0959-9B27-AACD-DC72B39D9F38}.Debug|Any CPU.Build.0 = Debug|Any CPU
		{522194A9-0959-9B27-AACD-DC72B39D9F38}.Release|Any CPU.ActiveCfg = Release|Any CPU
		{522194A9-0959-9B27-AACD-DC72B39D9F38}.Release|Any CPU.Build.0 = Release|Any CPU
	EndGlobalSection
	GlobalSection(SolutionProperties) = preSolution
		HideSolutionNode = FALSE
	EndGlobalSection
EndGlobal
